
Microsoft Visual Studio Solution File, Format Version 12.00
# Visual Studio Version 16
VisualStudioVersion = 16.0.28803.156
MinimumVisualStudioVersion = 10.0.40219.1
Project("{FAE04EC0-301F-11D3-BF4B-00C04F79EFBC}") = "FileWatcherDemo", "WindowsFormsAppTestGames\FileWatcherDemo.csproj", "{E42CCC62-B67D-4294-80A3-5566E6B8B51B}"
EndProject
Project("{FAE04EC0-301F-11D3-BF4B-00C04F79EFBC}") = "WindowsFormsControlLibraryTestGame", "WindowsFormsControlLibraryTestGame\WindowsFormsControlLibraryTestGame.csproj", "{1D132709-4C1B-46FC-A60A-2A4418375AC6}"
EndProject
Project("{FAE04EC0-301F-11D3-BF4B-00C04F79EFBC}") = "XMLOperationDemo", "XMLOperationDemo\XMLOperationDemo.csproj", "{6710A286-2872-4ED7-9212-0C79034E04BE}"
EndProject
Project("{FAE04EC0-301F-11D3-BF4B-00C04F79EFBC}") = "NAudioPractice1", "NAudioPractice1\NAudioPractice1.csproj", "{C251F43B-DF78-4E89-BA16-95F6912E28F7}"
EndProject
Project("{FAE04EC0-301F-11D3-BF4B-00C04F79EFBC}") = "MixerVoiceFormsDemo", "MixerVoiceFormsDemo\MixerVoiceFormsDemo.csproj", "{3278B9C4-B2EA-4CE6-95E8-EF4881238E02}"
EndProject
Project("{FAE04EC0-301F-11D3-BF4B-00C04F79EFBC}") = "ConsoleApplicationThread", "ConsoleApplicationThread\ConsoleApplicationThread.csproj", "{6647E0A0-6B8C-4580-A09A-F1B4449CC8CC}"
EndProject
Project("{FAE04EC0-301F-11D3-BF4B-00C04F79EFBC}") = "ConsoleApplicationEventTest", "ConsoleApplicationEventTest\ConsoleApplicationEventTest.csproj", "{D9B89519-B7F8-46D8-894F-93122BEEA161}"
EndProject
Project("{FAE04EC0-301F-11D3-BF4B-00C04F79EFBC}") = "ApplicationTCPServer", "ApplicationTCPServer\ApplicationTCPServer.csproj", "{1068B33B-C417-4579-AA8F-BA6C01F554CF}"
EndProject
Project("{FAE04EC0-301F-11D3-BF4B-00C04F79EFBC}") = "ConsoleFTPDemo", "ConsoleFTPDemo\ConsoleFTPDemo.csproj", "{C3B7DA5B-E6CF-459F-A1EC-57091A240D0E}"
EndProject
Project("{FAE04EC0-301F-11D3-BF4B-00C04F79EFBC}") = "MDRDataClearTool", "DataClearTool\MDRDataClearTool.csproj", "{11435326-C910-4662-9DB8-7CCD03820522}"
EndProject
Project("{FAE04EC0-301F-11D3-BF4B-00C04F79EFBC}") = "MDRFilterToolForFiles", "FilterToolForFiles\MDRFilterToolForFiles.csproj", "{F71EAA32-9335-4EA0-AE41-8C24E0FD49D2}"
EndProject
Project("{FAE04EC0-301F-11D3-BF4B-00C04F79EFBC}") = "ConsoleAppDelegateDemo", "ConsoleAppDelegateDemo\ConsoleAppDelegateDemo.csproj", "{2C0BA47A-6ADB-415B-B4B3-C62231CB89C0}"
EndProject
Project("{FAE04EC0-301F-11D3-BF4B-00C04F79EFBC}") = "ConsoleAppEFDemo", "ConsoleAppEFDemo\ConsoleAppEFDemo.csproj", "{90C01F53-41F6-42AE-A737-46DBB565C24D}"
EndProject
Project("{FAE04EC0-301F-11D3-BF4B-00C04F79EFBC}") = "WindowsFormsDataBaseOperation", "WindowsFormsDataBaseOperation\WindowsFormsDataBaseOperation.csproj", "{0723CCB4-95AC-4186-A2C3-5ABAD2CE1EF0}"
EndProject
Project("{FAE04EC0-301F-11D3-BF4B-00C04F79EFBC}") = "DataAnalyze_E1", "DataAnalyze_E1\DataAnalyze_E1.csproj", "{4E5E7BBA-FE0F-435A-9490-6613E16BFFCE}"
EndProject
Project("{FAE04EC0-301F-11D3-BF4B-00C04F79EFBC}") = "HardDiskSerialNumberShow", "HardDiskSerialNumberShow\HardDiskSerialNumberShow.csproj", "{146CFA33-4615-4F1F-A0E4-BB403980C70B}"
EndProject
Project("{FAE04EC0-301F-11D3-BF4B-00C04F79EFBC}") = "WindowsFormsNPOIDemo", "WindowsFormsNPOIDemo\WindowsFormsNPOIDemo.csproj", "{C4DD4831-AB56-4EAF-AA34-51943F3E8BBA}"
EndProject
Project("{FAE04EC0-301F-11D3-BF4B-00C04F79EFBC}") = "WindowsServiceDemo", "WindowsServiceDemo\WindowsServiceDemo.csproj", "{5CFE44E4-B1D0-46F0-8F7C-9B689264FB7C}"
EndProject
Project("{FAE04EC0-301F-11D3-BF4B-00C04F79EFBC}") = "WindowsFormsSharedConnect", "WindowsFormsSharedConnect\WindowsFormsSharedConnect.csproj", "{1BF27C96-DC9E-4B21-B2BA-1CF4AAE3EFDE}"
EndProject
Project("{FAE04EC0-301F-11D3-BF4B-00C04F79EFBC}") = "WindowsFormsWavPcm8ToPcm16", "WindowsFormsWavPcm8ToPcm16\WindowsFormsWavPcm8ToPcm16.csproj", "{10CA7D9A-27E3-47A3-88FD-5CFA8925D1B1}"
EndProject
Project("{FAE04EC0-301F-11D3-BF4B-00C04F79EFBC}") = "WindowsFormsSearchRecordFilesByDBIndexs", "WindowsFormsSearchRecordFilesByDBIndexs\WindowsFormsSearchRecordFilesByDBIndexs.csproj", "{D5EC8E61-0146-4DD5-B1BC-DCC6A8F8C72B}"
EndProject
Global
	GlobalSection(SolutionConfigurationPlatforms) = preSolution
		Debug|Any CPU = Debug|Any CPU
		Debug|ARM = Debug|ARM
		Debug|ARM64 = Debug|ARM64
		Debug|x64 = Debug|x64
		Debug|x86 = Debug|x86
		Release|Any CPU = Release|Any CPU
		Release|ARM = Release|ARM
		Release|ARM64 = Release|ARM64
		Release|x64 = Release|x64
		Release|x86 = Release|x86
	EndGlobalSection
	GlobalSection(ProjectConfigurationPlatforms) = postSolution
		{E42CCC62-B67D-4294-80A3-5566E6B8B51B}.Debug|Any CPU.ActiveCfg = Debug|Any CPU
		{E42CCC62-B67D-4294-80A3-5566E6B8B51B}.Debug|Any CPU.Build.0 = Debug|Any CPU
		{E42CCC62-B67D-4294-80A3-5566E6B8B51B}.Debug|ARM.ActiveCfg = Debug|Any CPU
		{E42CCC62-B67D-4294-80A3-5566E6B8B51B}.Debug|ARM.Build.0 = Debug|Any CPU
		{E42CCC62-B67D-4294-80A3-5566E6B8B51B}.Debug|ARM64.ActiveCfg = Debug|Any CPU
		{E42CCC62-B67D-4294-80A3-5566E6B8B51B}.Debug|ARM64.Build.0 = Debug|Any CPU
		{E42CCC62-B67D-4294-80A3-5566E6B8B51B}.Debug|x64.ActiveCfg = Debug|Any CPU
		{E42CCC62-B67D-4294-80A3-5566E6B8B51B}.Debug|x64.Build.0 = Debug|Any CPU
		{E42CCC62-B67D-4294-80A3-5566E6B8B51B}.Debug|x86.ActiveCfg = Debug|Any CPU
		{E42CCC62-B67D-4294-80A3-5566E6B8B51B}.Debug|x86.Build.0 = Debug|Any CPU
		{E42CCC62-B67D-4294-80A3-5566E6B8B51B}.Release|Any CPU.ActiveCfg = Release|Any CPU
		{E42CCC62-B67D-4294-80A3-5566E6B8B51B}.Release|Any CPU.Build.0 = Release|Any CPU
		{E42CCC62-B67D-4294-80A3-5566E6B8B51B}.Release|ARM.ActiveCfg = Release|Any CPU
		{E42CCC62-B67D-4294-80A3-5566E6B8B51B}.Release|ARM.Build.0 = Release|Any CPU
		{E42CCC62-B67D-4294-80A3-5566E6B8B51B}.Release|ARM64.ActiveCfg = Release|Any CPU
		{E42CCC62-B67D-4294-80A3-5566E6B8B51B}.Release|ARM64.Build.0 = Release|Any CPU
		{E42CCC62-B67D-4294-80A3-5566E6B8B51B}.Release|x64.ActiveCfg = Release|Any CPU
		{E42CCC62-B67D-4294-80A3-5566E6B8B51B}.Release|x64.Build.0 = Release|Any CPU
		{E42CCC62-B67D-4294-80A3-5566E6B8B51B}.Release|x86.ActiveCfg = Release|Any CPU
		{E42CCC62-B67D-4294-80A3-5566E6B8B51B}.Release|x86.Build.0 = Release|Any CPU
		{1D132709-4C1B-46FC-A60A-2A4418375AC6}.Debug|Any CPU.ActiveCfg = Debug|Any CPU
		{1D132709-4C1B-46FC-A60A-2A4418375AC6}.Debug|Any CPU.Build.0 = Debug|Any CPU
		{1D132709-4C1B-46FC-A60A-2A4418375AC6}.Debug|ARM.ActiveCfg = Debug|Any CPU
		{1D132709-4C1B-46FC-A60A-2A4418375AC6}.Debug|ARM.Build.0 = Debug|Any CPU
		{1D132709-4C1B-46FC-A60A-2A4418375AC6}.Debug|ARM64.ActiveCfg = Debug|Any CPU
		{1D132709-4C1B-46FC-A60A-2A4418375AC6}.Debug|ARM64.Build.0 = Debug|Any CPU
		{1D132709-4C1B-46FC-A60A-2A4418375AC6}.Debug|x64.ActiveCfg = Debug|Any CPU
		{1D132709-4C1B-46FC-A60A-2A4418375AC6}.Debug|x64.Build.0 = Debug|Any CPU
		{1D132709-4C1B-46FC-A60A-2A4418375AC6}.Debug|x86.ActiveCfg = Debug|Any CPU
		{1D132709-4C1B-46FC-A60A-2A4418375AC6}.Debug|x86.Build.0 = Debug|Any CPU
		{1D132709-4C1B-46FC-A60A-2A4418375AC6}.Release|Any CPU.ActiveCfg = Release|Any CPU
		{1D132709-4C1B-46FC-A60A-2A4418375AC6}.Release|Any CPU.Build.0 = Release|Any CPU
		{1D132709-4C1B-46FC-A60A-2A4418375AC6}.Release|ARM.ActiveCfg = Release|Any CPU
		{1D132709-4C1B-46FC-A60A-2A4418375AC6}.Release|ARM.Build.0 = Release|Any CPU
		{1D132709-4C1B-46FC-A60A-2A4418375AC6}.Release|ARM64.ActiveCfg = Release|Any CPU
		{1D132709-4C1B-46FC-A60A-2A4418375AC6}.Release|ARM64.Build.0 = Release|Any CPU
		{1D132709-4C1B-46FC-A60A-2A4418375AC6}.Release|x64.ActiveCfg = Release|Any CPU
		{1D132709-4C1B-46FC-A60A-2A4418375AC6}.Release|x64.Build.0 = Release|Any CPU
		{1D132709-4C1B-46FC-A60A-2A4418375AC6}.Release|x86.ActiveCfg = Release|Any CPU
		{1D132709-4C1B-46FC-A60A-2A4418375AC6}.Release|x86.Build.0 = Release|Any CPU
		{6710A286-2872-4ED7-9212-0C79034E04BE}.Debug|Any CPU.ActiveCfg = Debug|Any CPU
		{6710A286-2872-4ED7-9212-0C79034E04BE}.Debug|Any CPU.Build.0 = Debug|Any CPU
		{6710A286-2872-4ED7-9212-0C79034E04BE}.Debug|ARM.ActiveCfg = Debug|Any CPU
		{6710A286-2872-4ED7-9212-0C79034E04BE}.Debug|ARM.Build.0 = Debug|Any CPU
		{6710A286-2872-4ED7-9212-0C79034E04BE}.Debug|ARM64.ActiveCfg = Debug|Any CPU
		{6710A286-2872-4ED7-9212-0C79034E04BE}.Debug|ARM64.Build.0 = Debug|Any CPU
		{6710A286-2872-4ED7-9212-0C79034E04BE}.Debug|x64.ActiveCfg = Debug|Any CPU
		{6710A286-2872-4ED7-9212-0C79034E04BE}.Debug|x64.Build.0 = Debug|Any CPU
		{6710A286-2872-4ED7-9212-0C79034E04BE}.Debug|x86.ActiveCfg = Debug|Any CPU
		{6710A286-2872-4ED7-9212-0C79034E04BE}.Debug|x86.Build.0 = Debug|Any CPU
		{6710A286-2872-4ED7-9212-0C79034E04BE}.Release|Any CPU.ActiveCfg = Release|Any CPU
		{6710A286-2872-4ED7-9212-0C79034E04BE}.Release|Any CPU.Build.0 = Release|Any CPU
		{6710A286-2872-4ED7-9212-0C79034E04BE}.Release|ARM.ActiveCfg = Release|Any CPU
		{6710A286-2872-4ED7-9212-0C79034E04BE}.Release|ARM.Build.0 = Release|Any CPU
		{6710A286-2872-4ED7-9212-0C79034E04BE}.Release|ARM64.ActiveCfg = Release|Any CPU
		{6710A286-2872-4ED7-9212-0C79034E04BE}.Release|ARM64.Build.0 = Release|Any CPU
		{6710A286-2872-4ED7-9212-0C79034E04BE}.Release|x64.ActiveCfg = Release|Any CPU
		{6710A286-2872-4ED7-9212-0C79034E04BE}.Release|x64.Build.0 = Release|Any CPU
		{6710A286-2872-4ED7-9212-0C79034E04BE}.Release|x86.ActiveCfg = Release|Any CPU
		{6710A286-2872-4ED7-9212-0C79034E04BE}.Release|x86.Build.0 = Release|Any CPU
		{C251F43B-DF78-4E89-BA16-95F6912E28F7}.Debug|Any CPU.ActiveCfg = Debug|x86
		{C251F43B-DF78-4E89-BA16-95F6912E28F7}.Debug|ARM.ActiveCfg = Debug|x86
		{C251F43B-DF78-4E89-BA16-95F6912E28F7}.Debug|ARM64.ActiveCfg = Debug|x86
		{C251F43B-DF78-4E89-BA16-95F6912E28F7}.Debug|x64.ActiveCfg = Debug|x86
		{C251F43B-DF78-4E89-BA16-95F6912E28F7}.Debug|x86.ActiveCfg = Debug|x86
		{C251F43B-DF78-4E89-BA16-95F6912E28F7}.Debug|x86.Build.0 = Debug|x86
		{C251F43B-DF78-4E89-BA16-95F6912E28F7}.Release|Any CPU.ActiveCfg = Release|x86
		{C251F43B-DF78-4E89-BA16-95F6912E28F7}.Release|ARM.ActiveCfg = Release|x86
		{C251F43B-DF78-4E89-BA16-95F6912E28F7}.Release|ARM64.ActiveCfg = Release|x86
		{C251F43B-DF78-4E89-BA16-95F6912E28F7}.Release|x64.ActiveCfg = Release|x86
		{C251F43B-DF78-4E89-BA16-95F6912E28F7}.Release|x86.ActiveCfg = Release|x86
		{C251F43B-DF78-4E89-BA16-95F6912E28F7}.Release|x86.Build.0 = Release|x86
		{3278B9C4-B2EA-4CE6-95E8-EF4881238E02}.Debug|Any CPU.ActiveCfg = Debug|Any CPU
		{3278B9C4-B2EA-4CE6-95E8-EF4881238E02}.Debug|Any CPU.Build.0 = Debug|Any CPU
		{3278B9C4-B2EA-4CE6-95E8-EF4881238E02}.Debug|ARM.ActiveCfg = Debug|Any CPU
		{3278B9C4-B2EA-4CE6-95E8-EF4881238E02}.Debug|ARM.Build.0 = Debug|Any CPU
		{3278B9C4-B2EA-4CE6-95E8-EF4881238E02}.Debug|ARM64.ActiveCfg = Debug|Any CPU
		{3278B9C4-B2EA-4CE6-95E8-EF4881238E02}.Debug|ARM64.Build.0 = Debug|Any CPU
		{3278B9C4-B2EA-4CE6-95E8-EF4881238E02}.Debug|x64.ActiveCfg = Debug|Any CPU
		{3278B9C4-B2EA-4CE6-95E8-EF4881238E02}.Debug|x64.Build.0 = Debug|Any CPU
		{3278B9C4-B2EA-4CE6-95E8-EF4881238E02}.Debug|x86.ActiveCfg = Debug|x86
		{3278B9C4-B2EA-4CE6-95E8-EF4881238E02}.Debug|x86.Build.0 = Debug|x86
		{3278B9C4-B2EA-4CE6-95E8-EF4881238E02}.Release|Any CPU.ActiveCfg = Release|Any CPU
		{3278B9C4-B2EA-4CE6-95E8-EF4881238E02}.Release|Any CPU.Build.0 = Release|Any CPU
		{3278B9C4-B2EA-4CE6-95E8-EF4881238E02}.Release|ARM.ActiveCfg = Release|Any CPU
		{3278B9C4-B2EA-4CE6-95E8-EF4881238E02}.Release|ARM.Build.0 = Release|Any CPU
		{3278B9C4-B2EA-4CE6-95E8-EF4881238E02}.Release|ARM64.ActiveCfg = Release|Any CPU
		{3278B9C4-B2EA-4CE6-95E8-EF4881238E02}.Release|ARM64.Build.0 = Release|Any CPU
		{3278B9C4-B2EA-4CE6-95E8-EF4881238E02}.Release|x64.ActiveCfg = Release|Any CPU
		{3278B9C4-B2EA-4CE6-95E8-EF4881238E02}.Release|x64.Build.0 = Release|Any CPU
		{3278B9C4-B2EA-4CE6-95E8-EF4881238E02}.Release|x86.ActiveCfg = Release|x86
		{3278B9C4-B2EA-4CE6-95E8-EF4881238E02}.Release|x86.Build.0 = Release|x86
		{6647E0A0-6B8C-4580-A09A-F1B4449CC8CC}.Debug|Any CPU.ActiveCfg = Debug|Any CPU
		{6647E0A0-6B8C-4580-A09A-F1B4449CC8CC}.Debug|Any CPU.Build.0 = Debug|Any CPU
		{6647E0A0-6B8C-4580-A09A-F1B4449CC8CC}.Debug|ARM.ActiveCfg = Debug|Any CPU
		{6647E0A0-6B8C-4580-A09A-F1B4449CC8CC}.Debug|ARM.Build.0 = Debug|Any CPU
		{6647E0A0-6B8C-4580-A09A-F1B4449CC8CC}.Debug|ARM64.ActiveCfg = Debug|Any CPU
		{6647E0A0-6B8C-4580-A09A-F1B4449CC8CC}.Debug|ARM64.Build.0 = Debug|Any CPU
		{6647E0A0-6B8C-4580-A09A-F1B4449CC8CC}.Debug|x64.ActiveCfg = Debug|Any CPU
		{6647E0A0-6B8C-4580-A09A-F1B4449CC8CC}.Debug|x64.Build.0 = Debug|Any CPU
		{6647E0A0-6B8C-4580-A09A-F1B4449CC8CC}.Debug|x86.ActiveCfg = Debug|Any CPU
		{6647E0A0-6B8C-4580-A09A-F1B4449CC8CC}.Debug|x86.Build.0 = Debug|Any CPU
		{6647E0A0-6B8C-4580-A09A-F1B4449CC8CC}.Release|Any CPU.ActiveCfg = Release|Any CPU
		{6647E0A0-6B8C-4580-A09A-F1B4449CC8CC}.Release|Any CPU.Build.0 = Release|Any CPU
		{6647E0A0-6B8C-4580-A09A-F1B4449CC8CC}.Release|ARM.ActiveCfg = Release|Any CPU
		{6647E0A0-6B8C-4580-A09A-F1B4449CC8CC}.Release|ARM.Build.0 = Release|Any CPU
		{6647E0A0-6B8C-4580-A09A-F1B4449CC8CC}.Release|ARM64.ActiveCfg = Release|Any CPU
		{6647E0A0-6B8C-4580-A09A-F1B4449CC8CC}.Release|ARM64.Build.0 = Release|Any CPU
		{6647E0A0-6B8C-4580-A09A-F1B4449CC8CC}.Release|x64.ActiveCfg = Release|Any CPU
		{6647E0A0-6B8C-4580-A09A-F1B4449CC8CC}.Release|x64.Build.0 = Release|Any CPU
		{6647E0A0-6B8C-4580-A09A-F1B4449CC8CC}.Release|x86.ActiveCfg = Release|Any CPU
		{6647E0A0-6B8C-4580-A09A-F1B4449CC8CC}.Release|x86.Build.0 = Release|Any CPU
		{D9B89519-B7F8-46D8-894F-93122BEEA161}.Debug|Any CPU.ActiveCfg = Debug|Any CPU
		{D9B89519-B7F8-46D8-894F-93122BEEA161}.Debug|Any CPU.Build.0 = Debug|Any CPU
		{D9B89519-B7F8-46D8-894F-93122BEEA161}.Debug|ARM.ActiveCfg = Debug|Any CPU
		{D9B89519-B7F8-46D8-894F-93122BEEA161}.Debug|ARM.Build.0 = Debug|Any CPU
		{D9B89519-B7F8-46D8-894F-93122BEEA161}.Debug|ARM64.ActiveCfg = Debug|Any CPU
		{D9B89519-B7F8-46D8-894F-93122BEEA161}.Debug|ARM64.Build.0 = Debug|Any CPU
		{D9B89519-B7F8-46D8-894F-93122BEEA161}.Debug|x64.ActiveCfg = Debug|Any CPU
		{D9B89519-B7F8-46D8-894F-93122BEEA161}.Debug|x64.Build.0 = Debug|Any CPU
		{D9B89519-B7F8-46D8-894F-93122BEEA161}.Debug|x86.ActiveCfg = Debug|Any CPU
		{D9B89519-B7F8-46D8-894F-93122BEEA161}.Debug|x86.Build.0 = Debug|Any CPU
		{D9B89519-B7F8-46D8-894F-93122BEEA161}.Release|Any CPU.ActiveCfg = Release|Any CPU
		{D9B89519-B7F8-46D8-894F-93122BEEA161}.Release|Any CPU.Build.0 = Release|Any CPU
		{D9B89519-B7F8-46D8-894F-93122BEEA161}.Release|ARM.ActiveCfg = Release|Any CPU
		{D9B89519-B7F8-46D8-894F-93122BEEA161}.Release|ARM.Build.0 = Release|Any CPU
		{D9B89519-B7F8-46D8-894F-93122BEEA161}.Release|ARM64.ActiveCfg = Release|Any CPU
		{D9B89519-B7F8-46D8-894F-93122BEEA161}.Release|ARM64.Build.0 = Release|Any CPU
		{D9B89519-B7F8-46D8-894F-93122BEEA161}.Release|x64.ActiveCfg = Release|Any CPU
		{D9B89519-B7F8-46D8-894F-93122BEEA161}.Release|x64.Build.0 = Release|Any CPU
		{D9B89519-B7F8-46D8-894F-93122BEEA161}.Release|x86.ActiveCfg = Release|Any CPU
		{D9B89519-B7F8-46D8-894F-93122BEEA161}.Release|x86.Build.0 = Release|Any CPU
		{1068B33B-C417-4579-AA8F-BA6C01F554CF}.Debug|Any CPU.ActiveCfg = Debug|Any CPU
		{1068B33B-C417-4579-AA8F-BA6C01F554CF}.Debug|Any CPU.Build.0 = Debug|Any CPU
		{1068B33B-C417-4579-AA8F-BA6C01F554CF}.Debug|ARM.ActiveCfg = Debug|Any CPU
		{1068B33B-C417-4579-AA8F-BA6C01F554CF}.Debug|ARM.Build.0 = Debug|Any CPU
		{1068B33B-C417-4579-AA8F-BA6C01F554CF}.Debug|ARM64.ActiveCfg = Debug|Any CPU
		{1068B33B-C417-4579-AA8F-BA6C01F554CF}.Debug|ARM64.Build.0 = Debug|Any CPU
		{1068B33B-C417-4579-AA8F-BA6C01F554CF}.Debug|x64.ActiveCfg = Debug|Any CPU
		{1068B33B-C417-4579-AA8F-BA6C01F554CF}.Debug|x64.Build.0 = Debug|Any CPU
		{1068B33B-C417-4579-AA8F-BA6C01F554CF}.Debug|x86.ActiveCfg = Debug|Any CPU
		{1068B33B-C417-4579-AA8F-BA6C01F554CF}.Debug|x86.Build.0 = Debug|Any CPU
		{1068B33B-C417-4579-AA8F-BA6C01F554CF}.Release|Any CPU.ActiveCfg = Release|Any CPU
		{1068B33B-C417-4579-AA8F-BA6C01F554CF}.Release|Any CPU.Build.0 = Release|Any CPU
		{1068B33B-C417-4579-AA8F-BA6C01F554CF}.Release|ARM.ActiveCfg = Release|Any CPU
		{1068B33B-C417-4579-AA8F-BA6C01F554CF}.Release|ARM.Build.0 = Release|Any CPU
		{1068B33B-C417-4579-AA8F-BA6C01F554CF}.Release|ARM64.ActiveCfg = Release|Any CPU
		{1068B33B-C417-4579-AA8F-BA6C01F554CF}.Release|ARM64.Build.0 = Release|Any CPU
		{1068B33B-C417-4579-AA8F-BA6C01F554CF}.Release|x64.ActiveCfg = Release|Any CPU
		{1068B33B-C417-4579-AA8F-BA6C01F554CF}.Release|x64.Build.0 = Release|Any CPU
		{1068B33B-C417-4579-AA8F-BA6C01F554CF}.Release|x86.ActiveCfg = Release|Any CPU
		{1068B33B-C417-4579-AA8F-BA6C01F554CF}.Release|x86.Build.0 = Release|Any CPU
		{C3B7DA5B-E6CF-459F-A1EC-57091A240D0E}.Debug|Any CPU.ActiveCfg = Debug|Any CPU
		{C3B7DA5B-E6CF-459F-A1EC-57091A240D0E}.Debug|Any CPU.Build.0 = Debug|Any CPU
		{C3B7DA5B-E6CF-459F-A1EC-57091A240D0E}.Debug|ARM.ActiveCfg = Debug|Any CPU
		{C3B7DA5B-E6CF-459F-A1EC-57091A240D0E}.Debug|ARM.Build.0 = Debug|Any CPU
		{C3B7DA5B-E6CF-459F-A1EC-57091A240D0E}.Debug|ARM64.ActiveCfg = Debug|Any CPU
		{C3B7DA5B-E6CF-459F-A1EC-57091A240D0E}.Debug|ARM64.Build.0 = Debug|Any CPU
		{C3B7DA5B-E6CF-459F-A1EC-57091A240D0E}.Debug|x64.ActiveCfg = Debug|Any CPU
		{C3B7DA5B-E6CF-459F-A1EC-57091A240D0E}.Debug|x64.Build.0 = Debug|Any CPU
		{C3B7DA5B-E6CF-459F-A1EC-57091A240D0E}.Debug|x86.ActiveCfg = Debug|Any CPU
		{C3B7DA5B-E6CF-459F-A1EC-57091A240D0E}.Debug|x86.Build.0 = Debug|Any CPU
		{C3B7DA5B-E6CF-459F-A1EC-57091A240D0E}.Release|Any CPU.ActiveCfg = Release|Any CPU
		{C3B7DA5B-E6CF-459F-A1EC-57091A240D0E}.Release|Any CPU.Build.0 = Release|Any CPU
		{C3B7DA5B-E6CF-459F-A1EC-57091A240D0E}.Release|ARM.ActiveCfg = Release|Any CPU
		{C3B7DA5B-E6CF-459F-A1EC-57091A240D0E}.Release|ARM.Build.0 = Release|Any CPU
		{C3B7DA5B-E6CF-459F-A1EC-57091A240D0E}.Release|ARM64.ActiveCfg = Release|Any CPU
		{C3B7DA5B-E6CF-459F-A1EC-57091A240D0E}.Release|ARM64.Build.0 = Release|Any CPU
		{C3B7DA5B-E6CF-459F-A1EC-57091A240D0E}.Release|x64.ActiveCfg = Release|Any CPU
		{C3B7DA5B-E6CF-459F-A1EC-57091A240D0E}.Release|x64.Build.0 = Release|Any CPU
		{C3B7DA5B-E6CF-459F-A1EC-57091A240D0E}.Release|x86.ActiveCfg = Release|Any CPU
		{C3B7DA5B-E6CF-459F-A1EC-57091A240D0E}.Release|x86.Build.0 = Release|Any CPU
		{11435326-C910-4662-9DB8-7CCD03820522}.Debug|Any CPU.ActiveCfg = Debug|Any CPU
		{11435326-C910-4662-9DB8-7CCD03820522}.Debug|Any CPU.Build.0 = Debug|Any CPU
		{11435326-C910-4662-9DB8-7CCD03820522}.Debug|ARM.ActiveCfg = Debug|Any CPU
		{11435326-C910-4662-9DB8-7CCD03820522}.Debug|ARM.Build.0 = Debug|Any CPU
		{11435326-C910-4662-9DB8-7CCD03820522}.Debug|ARM64.ActiveCfg = Debug|Any CPU
		{11435326-C910-4662-9DB8-7CCD03820522}.Debug|ARM64.Build.0 = Debug|Any CPU
		{11435326-C910-4662-9DB8-7CCD03820522}.Debug|x64.ActiveCfg = Debug|Any CPU
		{11435326-C910-4662-9DB8-7CCD03820522}.Debug|x64.Build.0 = Debug|Any CPU
		{11435326-C910-4662-9DB8-7CCD03820522}.Debug|x86.ActiveCfg = Debug|Any CPU
		{11435326-C910-4662-9DB8-7CCD03820522}.Debug|x86.Build.0 = Debug|Any CPU
		{11435326-C910-4662-9DB8-7CCD03820522}.Release|Any CPU.ActiveCfg = Release|Any CPU
		{11435326-C910-4662-9DB8-7CCD03820522}.Release|Any CPU.Build.0 = Release|Any CPU
		{11435326-C910-4662-9DB8-7CCD03820522}.Release|ARM.ActiveCfg = Release|Any CPU
		{11435326-C910-4662-9DB8-7CCD03820522}.Release|ARM.Build.0 = Release|Any CPU
		{11435326-C910-4662-9DB8-7CCD03820522}.Release|ARM64.ActiveCfg = Release|Any CPU
		{11435326-C910-4662-9DB8-7CCD03820522}.Release|ARM64.Build.0 = Release|Any CPU
		{11435326-C910-4662-9DB8-7CCD03820522}.Release|x64.ActiveCfg = Release|Any CPU
		{11435326-C910-4662-9DB8-7CCD03820522}.Release|x64.Build.0 = Release|Any CPU
		{11435326-C910-4662-9DB8-7CCD03820522}.Release|x86.ActiveCfg = Release|Any CPU
		{11435326-C910-4662-9DB8-7CCD03820522}.Release|x86.Build.0 = Release|Any CPU
		{F71EAA32-9335-4EA0-AE41-8C24E0FD49D2}.Debug|Any CPU.ActiveCfg = Debug|Any CPU
		{F71EAA32-9335-4EA0-AE41-8C24E0FD49D2}.Debug|Any CPU.Build.0 = Debug|Any CPU
		{F71EAA32-9335-4EA0-AE41-8C24E0FD49D2}.Debug|ARM.ActiveCfg = Debug|Any CPU
		{F71EAA32-9335-4EA0-AE41-8C24E0FD49D2}.Debug|ARM.Build.0 = Debug|Any CPU
		{F71EAA32-9335-4EA0-AE41-8C24E0FD49D2}.Debug|ARM64.ActiveCfg = Debug|Any CPU
		{F71EAA32-9335-4EA0-AE41-8C24E0FD49D2}.Debug|ARM64.Build.0 = Debug|Any CPU
		{F71EAA32-9335-4EA0-AE41-8C24E0FD49D2}.Debug|x64.ActiveCfg = Debug|Any CPU
		{F71EAA32-9335-4EA0-AE41-8C24E0FD49D2}.Debug|x64.Build.0 = Debug|Any CPU
		{F71EAA32-9335-4EA0-AE41-8C24E0FD49D2}.Debug|x86.ActiveCfg = Debug|Any CPU
		{F71EAA32-9335-4EA0-AE41-8C24E0FD49D2}.Debug|x86.Build.0 = Debug|Any CPU
		{F71EAA32-9335-4EA0-AE41-8C24E0FD49D2}.Release|Any CPU.ActiveCfg = Release|Any CPU
		{F71EAA32-9335-4EA0-AE41-8C24E0FD49D2}.Release|Any CPU.Build.0 = Release|Any CPU
		{F71EAA32-9335-4EA0-AE41-8C24E0FD49D2}.Release|ARM.ActiveCfg = Release|Any CPU
		{F71EAA32-9335-4EA0-AE41-8C24E0FD49D2}.Release|ARM.Build.0 = Release|Any CPU
		{F71EAA32-9335-4EA0-AE41-8C24E0FD49D2}.Release|ARM64.ActiveCfg = Release|Any CPU
		{F71EAA32-9335-4EA0-AE41-8C24E0FD49D2}.Release|ARM64.Build.0 = Release|Any CPU
		{F71EAA32-9335-4EA0-AE41-8C24E0FD49D2}.Release|x64.ActiveCfg = Release|Any CPU
		{F71EAA32-9335-4EA0-AE41-8C24E0FD49D2}.Release|x64.Build.0 = Release|Any CPU
		{F71EAA32-9335-4EA0-AE41-8C24E0FD49D2}.Release|x86.ActiveCfg = Release|Any CPU
		{F71EAA32-9335-4EA0-AE41-8C24E0FD49D2}.Release|x86.Build.0 = Release|Any CPU
		{2C0BA47A-6ADB-415B-B4B3-C62231CB89C0}.Debug|Any CPU.ActiveCfg = Debug|Any CPU
		{2C0BA47A-6ADB-415B-B4B3-C62231CB89C0}.Debug|Any CPU.Build.0 = Debug|Any CPU
		{2C0BA47A-6ADB-415B-B4B3-C62231CB89C0}.Debug|ARM.ActiveCfg = Debug|Any CPU
		{2C0BA47A-6ADB-415B-B4B3-C62231CB89C0}.Debug|ARM.Build.0 = Debug|Any CPU
		{2C0BA47A-6ADB-415B-B4B3-C62231CB89C0}.Debug|ARM64.ActiveCfg = Debug|Any CPU
		{2C0BA47A-6ADB-415B-B4B3-C62231CB89C0}.Debug|ARM64.Build.0 = Debug|Any CPU
		{2C0BA47A-6ADB-415B-B4B3-C62231CB89C0}.Debug|x64.ActiveCfg = Debug|Any CPU
		{2C0BA47A-6ADB-415B-B4B3-C62231CB89C0}.Debug|x64.Build.0 = Debug|Any CPU
		{2C0BA47A-6ADB-415B-B4B3-C62231CB89C0}.Debug|x86.ActiveCfg = Debug|Any CPU
		{2C0BA47A-6ADB-415B-B4B3-C62231CB89C0}.Debug|x86.Build.0 = Debug|Any CPU
		{2C0BA47A-6ADB-415B-B4B3-C62231CB89C0}.Release|Any CPU.ActiveCfg = Release|Any CPU
		{2C0BA47A-6ADB-415B-B4B3-C62231CB89C0}.Release|Any CPU.Build.0 = Release|Any CPU
		{2C0BA47A-6ADB-415B-B4B3-C62231CB89C0}.Release|ARM.ActiveCfg = Release|Any CPU
		{2C0BA47A-6ADB-415B-B4B3-C62231CB89C0}.Release|ARM.Build.0 = Release|Any CPU
		{2C0BA47A-6ADB-415B-B4B3-C62231CB89C0}.Release|ARM64.ActiveCfg = Release|Any CPU
		{2C0BA47A-6ADB-415B-B4B3-C62231CB89C0}.Release|ARM64.Build.0 = Release|Any CPU
		{2C0BA47A-6ADB-415B-B4B3-C62231CB89C0}.Release|x64.ActiveCfg = Release|Any CPU
		{2C0BA47A-6ADB-415B-B4B3-C62231CB89C0}.Release|x64.Build.0 = Release|Any CPU
		{2C0BA47A-6ADB-415B-B4B3-C62231CB89C0}.Release|x86.ActiveCfg = Release|Any CPU
		{2C0BA47A-6ADB-415B-B4B3-C62231CB89C0}.Release|x86.Build.0 = Release|Any CPU
		{90C01F53-41F6-42AE-A737-46DBB565C24D}.Debug|Any CPU.ActiveCfg = Debug|Any CPU
		{90C01F53-41F6-42AE-A737-46DBB565C24D}.Debug|Any CPU.Build.0 = Debug|Any CPU
		{90C01F53-41F6-42AE-A737-46DBB565C24D}.Debug|ARM.ActiveCfg = Debug|Any CPU
		{90C01F53-41F6-42AE-A737-46DBB565C24D}.Debug|ARM.Build.0 = Debug|Any CPU
		{90C01F53-41F6-42AE-A737-46DBB565C24D}.Debug|ARM64.ActiveCfg = Debug|Any CPU
		{90C01F53-41F6-42AE-A737-46DBB565C24D}.Debug|ARM64.Build.0 = Debug|Any CPU
		{90C01F53-41F6-42AE-A737-46DBB565C24D}.Debug|x64.ActiveCfg = Debug|Any CPU
		{90C01F53-41F6-42AE-A737-46DBB565C24D}.Debug|x64.Build.0 = Debug|Any CPU
		{90C01F53-41F6-42AE-A737-46DBB565C24D}.Debug|x86.ActiveCfg = Debug|Any CPU
		{90C01F53-41F6-42AE-A737-46DBB565C24D}.Debug|x86.Build.0 = Debug|Any CPU
		{90C01F53-41F6-42AE-A737-46DBB565C24D}.Release|Any CPU.ActiveCfg = Release|Any CPU
		{90C01F53-41F6-42AE-A737-46DBB565C24D}.Release|Any CPU.Build.0 = Release|Any CPU
		{90C01F53-41F6-42AE-A737-46DBB565C24D}.Release|ARM.ActiveCfg = Release|Any CPU
		{90C01F53-41F6-42AE-A737-46DBB565C24D}.Release|ARM.Build.0 = Release|Any CPU
		{90C01F53-41F6-42AE-A737-46DBB565C24D}.Release|ARM64.ActiveCfg = Release|Any CPU
		{90C01F53-41F6-42AE-A737-46DBB565C24D}.Release|ARM64.Build.0 = Release|Any CPU
		{90C01F53-41F6-42AE-A737-46DBB565C24D}.Release|x64.ActiveCfg = Release|Any CPU
		{90C01F53-41F6-42AE-A737-46DBB565C24D}.Release|x64.Build.0 = Release|Any CPU
		{90C01F53-41F6-42AE-A737-46DBB565C24D}.Release|x86.ActiveCfg = Release|Any CPU
		{90C01F53-41F6-42AE-A737-46DBB565C24D}.Release|x86.Build.0 = Release|Any CPU
		{0723CCB4-95AC-4186-A2C3-5ABAD2CE1EF0}.Debug|Any CPU.ActiveCfg = Debug|Any CPU
		{0723CCB4-95AC-4186-A2C3-5ABAD2CE1EF0}.Debug|Any CPU.Build.0 = Debug|Any CPU
		{0723CCB4-95AC-4186-A2C3-5ABAD2CE1EF0}.Debug|ARM.ActiveCfg = Debug|Any CPU
		{0723CCB4-95AC-4186-A2C3-5ABAD2CE1EF0}.Debug|ARM.Build.0 = Debug|Any CPU
		{0723CCB4-95AC-4186-A2C3-5ABAD2CE1EF0}.Debug|ARM64.ActiveCfg = Debug|Any CPU
		{0723CCB4-95AC-4186-A2C3-5ABAD2CE1EF0}.Debug|ARM64.Build.0 = Debug|Any CPU
		{0723CCB4-95AC-4186-A2C3-5ABAD2CE1EF0}.Debug|x64.ActiveCfg = Debug|Any CPU
		{0723CCB4-95AC-4186-A2C3-5ABAD2CE1EF0}.Debug|x64.Build.0 = Debug|Any CPU
		{0723CCB4-95AC-4186-A2C3-5ABAD2CE1EF0}.Debug|x86.ActiveCfg = Debug|Any CPU
		{0723CCB4-95AC-4186-A2C3-5ABAD2CE1EF0}.Debug|x86.Build.0 = Debug|Any CPU
		{0723CCB4-95AC-4186-A2C3-5ABAD2CE1EF0}.Release|Any CPU.ActiveCfg = Release|Any CPU
		{0723CCB4-95AC-4186-A2C3-5ABAD2CE1EF0}.Release|Any CPU.Build.0 = Release|Any CPU
		{0723CCB4-95AC-4186-A2C3-5ABAD2CE1EF0}.Release|ARM.ActiveCfg = Release|Any CPU
		{0723CCB4-95AC-4186-A2C3-5ABAD2CE1EF0}.Release|ARM.Build.0 = Release|Any CPU
		{0723CCB4-95AC-4186-A2C3-5ABAD2CE1EF0}.Release|ARM64.ActiveCfg = Release|Any CPU
		{0723CCB4-95AC-4186-A2C3-5ABAD2CE1EF0}.Release|ARM64.Build.0 = Release|Any CPU
		{0723CCB4-95AC-4186-A2C3-5ABAD2CE1EF0}.Release|x64.ActiveCfg = Release|Any CPU
		{0723CCB4-95AC-4186-A2C3-5ABAD2CE1EF0}.Release|x64.Build.0 = Release|Any CPU
		{0723CCB4-95AC-4186-A2C3-5ABAD2CE1EF0}.Release|x86.ActiveCfg = Release|Any CPU
		{0723CCB4-95AC-4186-A2C3-5ABAD2CE1EF0}.Release|x86.Build.0 = Release|Any CPU
		{4E5E7BBA-FE0F-435A-9490-6613E16BFFCE}.Debug|Any CPU.ActiveCfg = Debug|Any CPU
		{4E5E7BBA-FE0F-435A-9490-6613E16BFFCE}.Debug|Any CPU.Build.0 = Debug|Any CPU
		{4E5E7BBA-FE0F-435A-9490-6613E16BFFCE}.Debug|ARM.ActiveCfg = Debug|Any CPU
		{4E5E7BBA-FE0F-435A-9490-6613E16BFFCE}.Debug|ARM.Build.0 = Debug|Any CPU
		{4E5E7BBA-FE0F-435A-9490-6613E16BFFCE}.Debug|ARM64.ActiveCfg = Debug|Any CPU
		{4E5E7BBA-FE0F-435A-9490-6613E16BFFCE}.Debug|ARM64.Build.0 = Debug|Any CPU
		{4E5E7BBA-FE0F-435A-9490-6613E16BFFCE}.Debug|x64.ActiveCfg = Debug|Any CPU
		{4E5E7BBA-FE0F-435A-9490-6613E16BFFCE}.Debug|x64.Build.0 = Debug|Any CPU
		{4E5E7BBA-FE0F-435A-9490-6613E16BFFCE}.Debug|x86.ActiveCfg = Debug|Any CPU
		{4E5E7BBA-FE0F-435A-9490-6613E16BFFCE}.Debug|x86.Build.0 = Debug|Any CPU
		{4E5E7BBA-FE0F-435A-9490-6613E16BFFCE}.Release|Any CPU.ActiveCfg = Release|Any CPU
		{4E5E7BBA-FE0F-435A-9490-6613E16BFFCE}.Release|Any CPU.Build.0 = Release|Any CPU
		{4E5E7BBA-FE0F-435A-9490-6613E16BFFCE}.Release|ARM.ActiveCfg = Release|Any CPU
		{4E5E7BBA-FE0F-435A-9490-6613E16BFFCE}.Release|ARM.Build.0 = Release|Any CPU
		{4E5E7BBA-FE0F-435A-9490-6613E16BFFCE}.Release|ARM64.ActiveCfg = Release|Any CPU
		{4E5E7BBA-FE0F-435A-9490-6613E16BFFCE}.Release|ARM64.Build.0 = Release|Any CPU
		{4E5E7BBA-FE0F-435A-9490-6613E16BFFCE}.Release|x64.ActiveCfg = Release|Any CPU
		{4E5E7BBA-FE0F-435A-9490-6613E16BFFCE}.Release|x64.Build.0 = Release|Any CPU
		{4E5E7BBA-FE0F-435A-9490-6613E16BFFCE}.Release|x86.ActiveCfg = Release|Any CPU
		{4E5E7BBA-FE0F-435A-9490-6613E16BFFCE}.Release|x86.Build.0 = Release|Any CPU
		{146CFA33-4615-4F1F-A0E4-BB403980C70B}.Debug|Any CPU.ActiveCfg = Debug|Any CPU
		{146CFA33-4615-4F1F-A0E4-BB403980C70B}.Debug|Any CPU.Build.0 = Debug|Any CPU
		{146CFA33-4615-4F1F-A0E4-BB403980C70B}.Debug|ARM.ActiveCfg = Debug|Any CPU
		{146CFA33-4615-4F1F-A0E4-BB403980C70B}.Debug|ARM.Build.0 = Debug|Any CPU
		{146CFA33-4615-4F1F-A0E4-BB403980C70B}.Debug|ARM64.ActiveCfg = Debug|Any CPU
		{146CFA33-4615-4F1F-A0E4-BB403980C70B}.Debug|ARM64.Build.0 = Debug|Any CPU
		{146CFA33-4615-4F1F-A0E4-BB403980C70B}.Debug|x64.ActiveCfg = Debug|Any CPU
		{146CFA33-4615-4F1F-A0E4-BB403980C70B}.Debug|x64.Build.0 = Debug|Any CPU
		{146CFA33-4615-4F1F-A0E4-BB403980C70B}.Debug|x86.ActiveCfg = Debug|Any CPU
		{146CFA33-4615-4F1F-A0E4-BB403980C70B}.Debug|x86.Build.0 = Debug|Any CPU
		{146CFA33-4615-4F1F-A0E4-BB403980C70B}.Release|Any CPU.ActiveCfg = Release|Any CPU
		{146CFA33-4615-4F1F-A0E4-BB403980C70B}.Release|Any CPU.Build.0 = Release|Any CPU
		{146CFA33-4615-4F1F-A0E4-BB403980C70B}.Release|ARM.ActiveCfg = Release|Any CPU
		{146CFA33-4615-4F1F-A0E4-BB403980C70B}.Release|ARM.Build.0 = Release|Any CPU
		{146CFA33-4615-4F1F-A0E4-BB403980C70B}.Release|ARM64.ActiveCfg = Release|Any CPU
		{146CFA33-4615-4F1F-A0E4-BB403980C70B}.Release|ARM64.Build.0 = Release|Any CPU
		{146CFA33-4615-4F1F-A0E4-BB403980C70B}.Release|x64.ActiveCfg = Release|Any CPU
		{146CFA33-4615-4F1F-A0E4-BB403980C70B}.Release|x64.Build.0 = Release|Any CPU
		{146CFA33-4615-4F1F-A0E4-BB403980C70B}.Release|x86.ActiveCfg = Release|Any CPU
		{146CFA33-4615-4F1F-A0E4-BB403980C70B}.Release|x86.Build.0 = Release|Any CPU
		{C4DD4831-AB56-4EAF-AA34-51943F3E8BBA}.Debug|Any CPU.ActiveCfg = Debug|Any CPU
		{C4DD4831-AB56-4EAF-AA34-51943F3E8BBA}.Debug|Any CPU.Build.0 = Debug|Any CPU
		{C4DD4831-AB56-4EAF-AA34-51943F3E8BBA}.Debug|ARM.ActiveCfg = Debug|Any CPU
		{C4DD4831-AB56-4EAF-AA34-51943F3E8BBA}.Debug|ARM.Build.0 = Debug|Any CPU
		{C4DD4831-AB56-4EAF-AA34-51943F3E8BBA}.Debug|ARM64.ActiveCfg = Debug|Any CPU
		{C4DD4831-AB56-4EAF-AA34-51943F3E8BBA}.Debug|ARM64.Build.0 = Debug|Any CPU
		{C4DD4831-AB56-4EAF-AA34-51943F3E8BBA}.Debug|x64.ActiveCfg = Debug|Any CPU
		{C4DD4831-AB56-4EAF-AA34-51943F3E8BBA}.Debug|x64.Build.0 = Debug|Any CPU
		{C4DD4831-AB56-4EAF-AA34-51943F3E8BBA}.Debug|x86.ActiveCfg = Debug|Any CPU
		{C4DD4831-AB56-4EAF-AA34-51943F3E8BBA}.Debug|x86.Build.0 = Debug|Any CPU
		{C4DD4831-AB56-4EAF-AA34-51943F3E8BBA}.Release|Any CPU.ActiveCfg = Release|Any CPU
		{C4DD4831-AB56-4EAF-AA34-51943F3E8BBA}.Release|Any CPU.Build.0 = Release|Any CPU
		{C4DD4831-AB56-4EAF-AA34-51943F3E8BBA}.Release|ARM.ActiveCfg = Release|Any CPU
		{C4DD4831-AB56-4EAF-AA34-51943F3E8BBA}.Release|ARM.Build.0 = Release|Any CPU
		{C4DD4831-AB56-4EAF-AA34-51943F3E8BBA}.Release|ARM64.ActiveCfg = Release|Any CPU
		{C4DD4831-AB56-4EAF-AA34-51943F3E8BBA}.Release|ARM64.Build.0 = Release|Any CPU
		{C4DD4831-AB56-4EAF-AA34-51943F3E8BBA}.Release|x64.ActiveCfg = Release|Any CPU
		{C4DD4831-AB56-4EAF-AA34-51943F3E8BBA}.Release|x64.Build.0 = Release|Any CPU
		{C4DD4831-AB56-4EAF-AA34-51943F3E8BBA}.Release|x86.ActiveCfg = Release|Any CPU
		{C4DD4831-AB56-4EAF-AA34-51943F3E8BBA}.Release|x86.Build.0 = Release|Any CPU
		{5CFE44E4-B1D0-46F0-8F7C-9B689264FB7C}.Debug|Any CPU.ActiveCfg = Debug|Any CPU
		{5CFE44E4-B1D0-46F0-8F7C-9B689264FB7C}.Debug|Any CPU.Build.0 = Debug|Any CPU
		{5CFE44E4-B1D0-46F0-8F7C-9B689264FB7C}.Debug|ARM.ActiveCfg = Debug|Any CPU
		{5CFE44E4-B1D0-46F0-8F7C-9B689264FB7C}.Debug|ARM.Build.0 = Debug|Any CPU
		{5CFE44E4-B1D0-46F0-8F7C-9B689264FB7C}.Debug|ARM64.ActiveCfg = Debug|Any CPU
		{5CFE44E4-B1D0-46F0-8F7C-9B689264FB7C}.Debug|ARM64.Build.0 = Debug|Any CPU
		{5CFE44E4-B1D0-46F0-8F7C-9B689264FB7C}.Debug|x64.ActiveCfg = Debug|Any CPU
		{5CFE44E4-B1D0-46F0-8F7C-9B689264FB7C}.Debug|x64.Build.0 = Debug|Any CPU
		{5CFE44E4-B1D0-46F0-8F7C-9B689264FB7C}.Debug|x86.ActiveCfg = Debug|Any CPU
		{5CFE44E4-B1D0-46F0-8F7C-9B689264FB7C}.Debug|x86.Build.0 = Debug|Any CPU
		{5CFE44E4-B1D0-46F0-8F7C-9B689264FB7C}.Release|Any CPU.ActiveCfg = Release|Any CPU
		{5CFE44E4-B1D0-46F0-8F7C-9B689264FB7C}.Release|Any CPU.Build.0 = Release|Any CPU
		{5CFE44E4-B1D0-46F0-8F7C-9B689264FB7C}.Release|ARM.ActiveCfg = Release|Any CPU
		{5CFE44E4-B1D0-46F0-8F7C-9B689264FB7C}.Release|ARM.Build.0 = Release|Any CPU
		{5CFE44E4-B1D0-46F0-8F7C-9B689264FB7C}.Release|ARM64.ActiveCfg = Release|Any CPU
		{5CFE44E4-B1D0-46F0-8F7C-9B689264FB7C}.Release|ARM64.Build.0 = Release|Any CPU
		{5CFE44E4-B1D0-46F0-8F7C-9B689264FB7C}.Release|x64.ActiveCfg = Release|Any CPU
		{5CFE44E4-B1D0-46F0-8F7C-9B689264FB7C}.Release|x64.Build.0 = Release|Any CPU
		{5CFE44E4-B1D0-46F0-8F7C-9B689264FB7C}.Release|x86.ActiveCfg = Release|Any CPU
		{5CFE44E4-B1D0-46F0-8F7C-9B689264FB7C}.Release|x86.Build.0 = Release|Any CPU
		{1BF27C96-DC9E-4B21-B2BA-1CF4AAE3EFDE}.Debug|Any CPU.ActiveCfg = Debug|Any CPU
		{1BF27C96-DC9E-4B21-B2BA-1CF4AAE3EFDE}.Debug|Any CPU.Build.0 = Debug|Any CPU
		{1BF27C96-DC9E-4B21-B2BA-1CF4AAE3EFDE}.Debug|ARM.ActiveCfg = Debug|Any CPU
		{1BF27C96-DC9E-4B21-B2BA-1CF4AAE3EFDE}.Debug|ARM.Build.0 = Debug|Any CPU
		{1BF27C96-DC9E-4B21-B2BA-1CF4AAE3EFDE}.Debug|ARM64.ActiveCfg = Debug|Any CPU
		{1BF27C96-DC9E-4B21-B2BA-1CF4AAE3EFDE}.Debug|ARM64.Build.0 = Debug|Any CPU
		{1BF27C96-DC9E-4B21-B2BA-1CF4AAE3EFDE}.Debug|x64.ActiveCfg = Debug|Any CPU
		{1BF27C96-DC9E-4B21-B2BA-1CF4AAE3EFDE}.Debug|x64.Build.0 = Debug|Any CPU
		{1BF27C96-DC9E-4B21-B2BA-1CF4AAE3EFDE}.Debug|x86.ActiveCfg = Debug|Any CPU
		{1BF27C96-DC9E-4B21-B2BA-1CF4AAE3EFDE}.Debug|x86.Build.0 = Debug|Any CPU
		{1BF27C96-DC9E-4B21-B2BA-1CF4AAE3EFDE}.Release|Any CPU.ActiveCfg = Release|Any CPU
		{1BF27C96-DC9E-4B21-B2BA-1CF4AAE3EFDE}.Release|Any CPU.Build.0 = Release|Any CPU
		{1BF27C96-DC9E-4B21-B2BA-1CF4AAE3EFDE}.Release|ARM.ActiveCfg = Release|Any CPU
		{1BF27C96-DC9E-4B21-B2BA-1CF4AAE3EFDE}.Release|ARM.Build.0 = Release|Any CPU
		{1BF27C96-DC9E-4B21-B2BA-1CF4AAE3EFDE}.Release|ARM64.ActiveCfg = Release|Any CPU
		{1BF27C96-DC9E-4B21-B2BA-1CF4AAE3EFDE}.Release|ARM64.Build.0 = Release|Any CPU
		{1BF27C96-DC9E-4B21-B2BA-1CF4AAE3EFDE}.Release|x64.ActiveCfg = Release|Any CPU
		{1BF27C96-DC9E-4B21-B2BA-1CF4AAE3EFDE}.Release|x64.Build.0 = Release|Any CPU
		{1BF27C96-DC9E-4B21-B2BA-1CF4AAE3EFDE}.Release|x86.ActiveCfg = Release|Any CPU
		{1BF27C96-DC9E-4B21-B2BA-1CF4AAE3EFDE}.Release|x86.Build.0 = Release|Any CPU
		{10CA7D9A-27E3-47A3-88FD-5CFA8925D1B1}.Debug|Any CPU.ActiveCfg = Debug|Any CPU
		{10CA7D9A-27E3-47A3-88FD-5CFA8925D1B1}.Debug|Any CPU.Build.0 = Debug|Any CPU
		{10CA7D9A-27E3-47A3-88FD-5CFA8925D1B1}.Debug|ARM.ActiveCfg = Debug|Any CPU
		{10CA7D9A-27E3-47A3-88FD-5CFA8925D1B1}.Debug|ARM.Build.0 = Debug|Any CPU
		{10CA7D9A-27E3-47A3-88FD-5CFA8925D1B1}.Debug|ARM64.ActiveCfg = Debug|Any CPU
		{10CA7D9A-27E3-47A3-88FD-5CFA8925D1B1}.Debug|ARM64.Build.0 = Debug|Any CPU
		{10CA7D9A-27E3-47A3-88FD-5CFA8925D1B1}.Debug|x64.ActiveCfg = Debug|Any CPU
		{10CA7D9A-27E3-47A3-88FD-5CFA8925D1B1}.Debug|x64.Build.0 = Debug|Any CPU
		{10CA7D9A-27E3-47A3-88FD-5CFA8925D1B1}.Debug|x86.ActiveCfg = Debug|Any CPU
		{10CA7D9A-27E3-47A3-88FD-5CFA8925D1B1}.Debug|x86.Build.0 = Debug|Any CPU
		{10CA7D9A-27E3-47A3-88FD-5CFA8925D1B1}.Release|Any CPU.ActiveCfg = Release|Any CPU
		{10CA7D9A-27E3-47A3-88FD-5CFA8925D1B1}.Release|Any CPU.Build.0 = Release|Any CPU
		{10CA7D9A-27E3-47A3-88FD-5CFA8925D1B1}.Release|ARM.ActiveCfg = Release|Any CPU
		{10CA7D9A-27E3-47A3-88FD-5CFA8925D1B1}.Release|ARM.Build.0 = Release|Any CPU
		{10CA7D9A-27E3-47A3-88FD-5CFA8925D1B1}.Release|ARM64.ActiveCfg = Release|Any CPU
		{10CA7D9A-27E3-47A3-88FD-5CFA8925D1B1}.Release|ARM64.Build.0 = Release|Any CPU
		{10CA7D9A-27E3-47A3-88FD-5CFA8925D1B1}.Release|x64.ActiveCfg = Release|Any CPU
		{10CA7D9A-27E3-47A3-88FD-5CFA8925D1B1}.Release|x64.Build.0 = Release|Any CPU
		{10CA7D9A-27E3-47A3-88FD-5CFA8925D1B1}.Release|x86.ActiveCfg = Release|Any CPU
		{10CA7D9A-27E3-47A3-88FD-5CFA8925D1B1}.Release|x86.Build.0 = Release|Any CPU
		{D5EC8E61-0146-4DD5-B1BC-DCC6A8F8C72B}.Debug|Any CPU.ActiveCfg = Debug|Any CPU
		{D5EC8E61-0146-4DD5-B1BC-DCC6A8F8C72B}.Debug|Any CPU.Build.0 = Debug|Any CPU
		{D5EC8E61-0146-4DD5-B1BC-DCC6A8F8C72B}.Debug|ARM.ActiveCfg = Debug|Any CPU
		{D5EC8E61-0146-4DD5-B1BC-DCC6A8F8C72B}.Debug|ARM.Build.0 = Debug|Any CPU
		{D5EC8E61-0146-4DD5-B1BC-DCC6A8F8C72B}.Debug|ARM64.ActiveCfg = Debug|Any CPU
		{D5EC8E61-0146-4DD5-B1BC-DCC6A8F8C72B}.Debug|ARM64.Build.0 = Debug|Any CPU
		{D5EC8E61-0146-4DD5-B1BC-DCC6A8F8C72B}.Debug|x64.ActiveCfg = Debug|Any CPU
		{D5EC8E61-0146-4DD5-B1BC-DCC6A8F8C72B}.Debug|x64.Build.0 = Debug|Any CPU
		{D5EC8E61-0146-4DD5-B1BC-DCC6A8F8C72B}.Debug|x86.ActiveCfg = Debug|Any CPU
		{D5EC8E61-0146-4DD5-B1BC-DCC6A8F8C72B}.Debug|x86.Build.0 = Debug|Any CPU
		{D5EC8E61-0146-4DD5-B1BC-DCC6A8F8C72B}.Release|Any CPU.ActiveCfg = Release|Any CPU
		{D5EC8E61-0146-4DD5-B1BC-DCC6A8F8C72B}.Release|Any CPU.Build.0 = Release|Any CPU
		{D5EC8E61-0146-4DD5-B1BC-DCC6A8F8C72B}.Release|ARM.ActiveCfg = Release|Any CPU
		{D5EC8E61-0146-4DD5-B1BC-DCC6A8F8C72B}.Release|ARM.Build.0 = Release|Any CPU
		{D5EC8E61-0146-4DD5-B1BC-DCC6A8F8C72B}.Release|ARM64.ActiveCfg = Release|Any CPU
		{D5EC8E61-0146-4DD5-B1BC-DCC6A8F8C72B}.Release|ARM64.Build.0 = Release|Any CPU
		{D5EC8E61-0146-4DD5-B1BC-DCC6A8F8C72B}.Release|x64.ActiveCfg = Release|Any CPU
		{D5EC8E61-0146-4DD5-B1BC-DCC6A8F8C72B}.Release|x64.Build.0 = Release|Any CPU
		{D5EC8E61-0146-4DD5-B1BC-DCC6A8F8C72B}.Release|x86.ActiveCfg = Release|Any CPU
		{D5EC8E61-0146-4DD5-B1BC-DCC6A8F8C72B}.Release|x86.Build.0 = Release|Any CPU
	EndGlobalSection
	GlobalSection(SolutionProperties) = preSolution
		HideSolutionNode = FALSE
	EndGlobalSection
	GlobalSection(ExtensibilityGlobals) = postSolution
		SolutionGuid = {85EF82A8-39D1-4581-A1A8-002CE86E102F}
	EndGlobalSection
EndGlobal
